
Microsoft Visual Studio Solution File, Format Version 12.00
# Visual Studio 15
Project("{FAE04EC0-301F-11D3-BF4B-00C04F79EFBC}") = "Assembly-CSharp", "Assembly-CSharp.csproj", "{72B95FCC-9997-3895-EABA-CC2F922BA7CB}"
EndProject
Project("{FAE04EC0-301F-11D3-BF4B-00C04F79EFBC}") = "MacBLAS", "MacBLAS.csproj", "{38888330-766F-9863-BDF4-B4F1E010D995}"
EndProject
Project("{FAE04EC0-301F-11D3-BF4B-00C04F79EFBC}") = "iOSBLAS", "iOSBLAS.csproj", "{854FF397-BF8F-CF71-0405-C735CF3F12DF}"
EndProject
Project("{FAE04EC0-301F-11D3-BF4B-00C04F79EFBC}") = "Assembly-CSharp-Editor", "Assembly-CSharp-Editor.csproj", "{8E8067BC-5CF7-07F7-03DA-0BFA06D6E79B}"
EndProject
Project("{FAE04EC0-301F-11D3-BF4B-00C04F79EFBC}") = "Barracuda-editor", "Barracuda-editor.csproj", "{C4342638-CA03-B6F0-B5BA-B85FC02C2A93}"
EndProject
Global
	GlobalSection(SolutionConfigurationPlatforms) = preSolution
		Debug|Any CPU = Debug|Any CPU
		Release|Any CPU = Release|Any CPU
	EndGlobalSection
	GlobalSection(ProjectConfigurationPlatforms) = postSolution
		{72B95FCC-9997-3895-EABA-CC2F922BA7CB}.Debug|Any CPU.ActiveCfg = Debug|Any CPU
		{72B95FCC-9997-3895-EABA-CC2F922BA7CB}.Debug|Any CPU.Build.0 = Debug|Any CPU
		{72B95FCC-9997-3895-EABA-CC2F922BA7CB}.Release|Any CPU.ActiveCfg = Release|Any CPU
		{72B95FCC-9997-3895-EABA-CC2F922BA7CB}.Release|Any CPU.Build.0 = Release|Any CPU
		{38888330-766F-9863-BDF4-B4F1E010D995}.Debug|Any CPU.ActiveCfg = Debug|Any CPU
		{38888330-766F-9863-BDF4-B4F1E010D995}.Debug|Any CPU.Build.0 = Debug|Any CPU
		{38888330-766F-9863-BDF4-B4F1E010D995}.Release|Any CPU.ActiveCfg = Release|Any CPU
		{38888330-766F-9863-BDF4-B4F1E010D995}.Release|Any CPU.Build.0 = Release|Any CPU
		{854FF397-BF8F-CF71-0405-C735CF3F12DF}.Debug|Any CPU.ActiveCfg = Debug|Any CPU
		{854FF397-BF8F-CF71-0405-C735CF3F12DF}.Debug|Any CPU.Build.0 = Debug|Any CPU
		{854FF397-BF8F-CF71-0405-C735CF3F12DF}.Release|Any CPU.ActiveCfg = Release|Any CPU
		{854FF397-BF8F-CF71-0405-C735CF3F12DF}.Release|Any CPU.Build.0 = Release|Any CPU
		{8E8067BC-5CF7-07F7-03DA-0BFA06D6E79B}.Debug|Any CPU.ActiveCfg = Debug|Any CPU
		{8E8067BC-5CF7-07F7-03DA-0BFA06D6E79B}.Debug|Any CPU.Build.0 = Debug|Any CPU
		{8E8067BC-5CF7-07F7-03DA-0BFA06D6E79B}.Release|Any CPU.ActiveCfg = Release|Any CPU
		{8E8067BC-5CF7-07F7-03DA-0BFA06D6E79B}.Release|Any CPU.Build.0 = Release|Any CPU
		{C4342638-CA03-B6F0-B5BA-B85FC02C2A93}.Debug|Any CPU.ActiveCfg = Debug|Any CPU
		{C4342638-CA03-B6F0-B5BA-B85FC02C2A93}.Debug|Any CPU.Build.0 = Debug|Any CPU
		{C4342638-CA03-B6F0-B5BA-B85FC02C2A93}.Release|Any CPU.ActiveCfg = Release|Any CPU
		{C4342638-CA03-B6F0-B5BA-B85FC02C2A93}.Release|Any CPU.Build.0 = Release|Any CPU
	EndGlobalSection
	GlobalSection(SolutionProperties) = preSolution
		HideSolutionNode = FALSE
	EndGlobalSection
EndGlobal
